
Microsoft Visual Studio Solution File, Format Version 12.00
# Visual Studio Version 16
VisualStudioVersion = 16.0.28803.352
MinimumVisualStudioVersion = 10.0.40219.1
Project("{FAE04EC0-301F-11D3-BF4B-00C04F79EFBC}") = "SampleTests", "SampleTests\SampleTests.csproj", "{87A41441-731E-4607-8829-8B447A05D997}"
EndProject
Project("{2150E333-8FDC-42A3-9474-1A3956D46DE8}") = "Solution Items", "Solution Items", "{706E3BB0-F387-41DF-978A-8EF06B71CA25}"
	ProjectSection(SolutionItems) = preProject
		azure-pipelines.yml = azure-pipelines.yml
	EndProjectSection
EndProject
Global
	GlobalSection(SolutionConfigurationPlatforms) = preSolution
		Debug|Any CPU = Debug|Any CPU
		Release|Any CPU = Release|Any CPU
	EndGlobalSection
	GlobalSection(ProjectConfigurationPlatforms) = postSolution
		{87A41441-731E-4607-8829-8B447A05D997}.Debug|Any CPU.ActiveCfg = Debug|Any CPU
		{87A41441-731E-4607-8829-8B447A05D997}.Debug|Any CPU.Build.0 = Debug|Any CPU
		{87A41441-731E-4607-8829-8B447A05D997}.Release|Any CPU.ActiveCfg = Release|Any CPU
		{87A41441-731E-4607-8829-8B447A05D997}.Release|Any CPU.Build.0 = Release|Any CPU
	EndGlobalSection
	GlobalSection(SolutionProperties) = preSolution
		HideSolutionNode = FALSE
	EndGlobalSection
	GlobalSection(ExtensibilityGlobals) = postSolution
		SolutionGuid = {D934A7C8-4036-4516-ABEC-5626519FD8BE}
	EndGlobalSection
EndGlobal
